
Microsoft Visual Studio Solution File, Format Version 12.00
# Visual Studio 2012
Project("{FAE04EC0-301F-11D3-BF4B-00C04F79EFBC}") = "AR.Drone.Client", "AR.Drone.Client\AR.Drone.Client.csproj", "{56DBF8E3-28A6-4C27-BA0A-B32352608F44}"
EndProject
Project("{FAE04EC0-301F-11D3-BF4B-00C04F79EFBC}") = "AR.Drone.WinApp", "AR.Drone.WinApp\AR.Drone.WinApp.csproj", "{78C83708-BF89-4A5D-B823-21D06EED6A6B}"
EndProject
Project("{2150E333-8FDC-42A3-9474-1A3956D46DE8}") = "Solution Items", "Solution Items", "{8B8AE2C1-C4ED-4627-A092-B68B70183562}"
	ProjectSection(SolutionItems) = preProject
		README.md = README.md
	EndProjectSection
EndProject
Project("{FAE04EC0-301F-11D3-BF4B-00C04F79EFBC}") = "AR.Drone.Video", "AR.Drone.Video\AR.Drone.Video.csproj", "{36C63293-4C2D-41EC-B231-FAF55845C014}"
EndProject
Project("{FAE04EC0-301F-11D3-BF4B-00C04F79EFBC}") = "AR.Drone.Media", "AR.Drone.Media\AR.Drone.Media.csproj", "{DD02DB21-14CF-4E03-BEE2-AFB2B1C49A4D}"
EndProject
Project("{FAE04EC0-301F-11D3-BF4B-00C04F79EFBC}") = "AR.Drone.Data", "AR.Drone.Data\AR.Drone.Data.csproj", "{7D1B0B10-82F9-413F-BEE9-0174753D93A1}"
EndProject
Project("{FAE04EC0-301F-11D3-BF4B-00C04F79EFBC}") = "AR.Drone.Infrastructure", "AR.Drone.Infrastructure\AR.Drone.Infrastructure.csproj", "{5BE68B3D-1112-464D-8C17-844E834BB3BA}"
EndProject
Project("{FAE04EC0-301F-11D3-BF4B-00C04F79EFBC}") = "AR.Drone.Avionics", "AR.Drone.Avionics\AR.Drone.Avionics.csproj", "{19B1D7B1-C46F-4A87-A674-3350BF372A74}"
EndProject
Project("{FAE04EC0-301F-11D3-BF4B-00C04F79EFBC}") = "FFmpeg.AutoGen", "FFmpeg.AutoGen\FFmpeg.AutoGen.csproj", "{A536B02A-B0B1-4753-8328-17369EF09976}"
EndProject
Project("{F088123C-0E9E-452A-89E6-6BA2F21D5CAC}") = "UML", "UML\UML.modelproj", "{E1436AF5-7D76-4257-A692-80202EBE7EB0}"
EndProject
Project("{FAE04EC0-301F-11D3-BF4B-00C04F79EFBC}") = "AR.Drone.MyTool", "AR.Drone.MyTool\AR.Drone.MyTool.csproj", "{66843F57-F51D-40B3-88A7-58939815199F}"
EndProject
Project("{FAE04EC0-301F-11D3-BF4B-00C04F79EFBC}") = "AR.Drone.Multi", "AR.Drone.Multi\AR.Drone.Multi.csproj", "{076164A3-5353-490F-9635-A83E95BBFD94}"
EndProject
Project("{8BC9CEB8-8B4A-11D0-8D11-00A0C91BC942}") = "AR.Drone.PositionClient", "AR.Drone.PositionClient\AR.Drone.PositionClient.vcxproj", "{C1223EE6-C9E8-4ED3-91C5-0C6A7C932100}"
EndProject
Project("{FAE04EC0-301F-11D3-BF4B-00C04F79EFBC}") = "Test", "Test\Test.csproj", "{F3177EFD-FE63-448C-A62E-58FCC1C4FC63}"
EndProject
Project("{8BC9CEB8-8B4A-11D0-8D11-00A0C91BC942}") = "AR.Drone.Vicon", "AR.Drone.Vicon\AR.Drone.Vicon.vcxproj", "{C85D5196-BAD7-4C0C-A7C5-78A42AA85909}"
EndProject
Global
	GlobalSection(SolutionConfigurationPlatforms) = preSolution
		Debug|Any CPU = Debug|Any CPU
		Debug|Mixed Platforms = Debug|Mixed Platforms
		Debug|Win32 = Debug|Win32
		Debug|x64 = Debug|x64
		Release|Any CPU = Release|Any CPU
		Release|Mixed Platforms = Release|Mixed Platforms
		Release|Win32 = Release|Win32
		Release|x64 = Release|x64
		Relese 64|Any CPU = Relese 64|Any CPU
		Relese 64|Mixed Platforms = Relese 64|Mixed Platforms
		Relese 64|Win32 = Relese 64|Win32
		Relese 64|x64 = Relese 64|x64
	EndGlobalSection
	GlobalSection(ProjectConfigurationPlatforms) = postSolution
		{56DBF8E3-28A6-4C27-BA0A-B32352608F44}.Debug|Any CPU.ActiveCfg = Debug|Any CPU
		{56DBF8E3-28A6-4C27-BA0A-B32352608F44}.Debug|Any CPU.Build.0 = Debug|Any CPU
		{56DBF8E3-28A6-4C27-BA0A-B32352608F44}.Debug|Mixed Platforms.ActiveCfg = Debug|Any CPU
		{56DBF8E3-28A6-4C27-BA0A-B32352608F44}.Debug|Mixed Platforms.Build.0 = Debug|Any CPU
		{56DBF8E3-28A6-4C27-BA0A-B32352608F44}.Debug|Win32.ActiveCfg = Debug|Any CPU
		{56DBF8E3-28A6-4C27-BA0A-B32352608F44}.Debug|Win32.Build.0 = Debug|Any CPU
		{56DBF8E3-28A6-4C27-BA0A-B32352608F44}.Debug|x64.ActiveCfg = Debug|Any CPU
		{56DBF8E3-28A6-4C27-BA0A-B32352608F44}.Release|Any CPU.ActiveCfg = Release|Any CPU
		{56DBF8E3-28A6-4C27-BA0A-B32352608F44}.Release|Any CPU.Build.0 = Release|Any CPU
		{56DBF8E3-28A6-4C27-BA0A-B32352608F44}.Release|Mixed Platforms.ActiveCfg = Release|Any CPU
		{56DBF8E3-28A6-4C27-BA0A-B32352608F44}.Release|Mixed Platforms.Build.0 = Release|Any CPU
		{56DBF8E3-28A6-4C27-BA0A-B32352608F44}.Release|Win32.ActiveCfg = Release|Any CPU
		{56DBF8E3-28A6-4C27-BA0A-B32352608F44}.Release|Win32.Build.0 = Release|Any CPU
		{56DBF8E3-28A6-4C27-BA0A-B32352608F44}.Release|x64.ActiveCfg = Release|Any CPU
		{56DBF8E3-28A6-4C27-BA0A-B32352608F44}.Release|x64.Build.0 = Release|Any CPU
		{56DBF8E3-28A6-4C27-BA0A-B32352608F44}.Relese 64|Any CPU.ActiveCfg = Relese 64|Any CPU
		{56DBF8E3-28A6-4C27-BA0A-B32352608F44}.Relese 64|Any CPU.Build.0 = Relese 64|Any CPU
		{56DBF8E3-28A6-4C27-BA0A-B32352608F44}.Relese 64|Mixed Platforms.ActiveCfg = Relese 64|Any CPU
		{56DBF8E3-28A6-4C27-BA0A-B32352608F44}.Relese 64|Mixed Platforms.Build.0 = Relese 64|Any CPU
		{56DBF8E3-28A6-4C27-BA0A-B32352608F44}.Relese 64|Win32.ActiveCfg = Relese 64|Any CPU
		{56DBF8E3-28A6-4C27-BA0A-B32352608F44}.Relese 64|x64.ActiveCfg = Relese 64|Any CPU
		{56DBF8E3-28A6-4C27-BA0A-B32352608F44}.Relese 64|x64.Build.0 = Relese 64|Any CPU
		{78C83708-BF89-4A5D-B823-21D06EED6A6B}.Debug|Any CPU.ActiveCfg = Debug|Any CPU
		{78C83708-BF89-4A5D-B823-21D06EED6A6B}.Debug|Any CPU.Build.0 = Debug|Any CPU
		{78C83708-BF89-4A5D-B823-21D06EED6A6B}.Debug|Mixed Platforms.ActiveCfg = Debug|Any CPU
		{78C83708-BF89-4A5D-B823-21D06EED6A6B}.Debug|Mixed Platforms.Build.0 = Debug|Any CPU
		{78C83708-BF89-4A5D-B823-21D06EED6A6B}.Debug|Win32.ActiveCfg = Debug|Any CPU
		{78C83708-BF89-4A5D-B823-21D06EED6A6B}.Debug|Win32.Build.0 = Debug|Any CPU
		{78C83708-BF89-4A5D-B823-21D06EED6A6B}.Debug|x64.ActiveCfg = Debug|Any CPU
		{78C83708-BF89-4A5D-B823-21D06EED6A6B}.Release|Any CPU.ActiveCfg = Release|Any CPU
		{78C83708-BF89-4A5D-B823-21D06EED6A6B}.Release|Any CPU.Build.0 = Release|Any CPU
		{78C83708-BF89-4A5D-B823-21D06EED6A6B}.Release|Mixed Platforms.ActiveCfg = Release|Any CPU
		{78C83708-BF89-4A5D-B823-21D06EED6A6B}.Release|Mixed Platforms.Build.0 = Release|Any CPU
		{78C83708-BF89-4A5D-B823-21D06EED6A6B}.Release|Win32.ActiveCfg = Release|Any CPU
		{78C83708-BF89-4A5D-B823-21D06EED6A6B}.Release|Win32.Build.0 = Release|Any CPU
		{78C83708-BF89-4A5D-B823-21D06EED6A6B}.Release|x64.ActiveCfg = Release|Any CPU
		{78C83708-BF89-4A5D-B823-21D06EED6A6B}.Release|x64.Build.0 = Release|Any CPU
		{78C83708-BF89-4A5D-B823-21D06EED6A6B}.Relese 64|Any CPU.ActiveCfg = Relese 64|Any CPU
		{78C83708-BF89-4A5D-B823-21D06EED6A6B}.Relese 64|Any CPU.Build.0 = Relese 64|Any CPU
		{78C83708-BF89-4A5D-B823-21D06EED6A6B}.Relese 64|Mixed Platforms.ActiveCfg = Relese 64|Any CPU
		{78C83708-BF89-4A5D-B823-21D06EED6A6B}.Relese 64|Mixed Platforms.Build.0 = Relese 64|Any CPU
		{78C83708-BF89-4A5D-B823-21D06EED6A6B}.Relese 64|Win32.ActiveCfg = Relese 64|Any CPU
		{78C83708-BF89-4A5D-B823-21D06EED6A6B}.Relese 64|x64.ActiveCfg = Relese 64|Any CPU
		{78C83708-BF89-4A5D-B823-21D06EED6A6B}.Relese 64|x64.Build.0 = Relese 64|Any CPU
		{36C63293-4C2D-41EC-B231-FAF55845C014}.Debug|Any CPU.ActiveCfg = Debug|Any CPU
		{36C63293-4C2D-41EC-B231-FAF55845C014}.Debug|Any CPU.Build.0 = Debug|Any CPU
		{36C63293-4C2D-41EC-B231-FAF55845C014}.Debug|Mixed Platforms.ActiveCfg = Debug|Any CPU
		{36C63293-4C2D-41EC-B231-FAF55845C014}.Debug|Mixed Platforms.Build.0 = Debug|Any CPU
		{36C63293-4C2D-41EC-B231-FAF55845C014}.Debug|Win32.ActiveCfg = Debug|Any CPU
		{36C63293-4C2D-41EC-B231-FAF55845C014}.Debug|Win32.Build.0 = Debug|Any CPU
		{36C63293-4C2D-41EC-B231-FAF55845C014}.Debug|x64.ActiveCfg = Debug|Any CPU
		{36C63293-4C2D-41EC-B231-FAF55845C014}.Release|Any CPU.ActiveCfg = Release|Any CPU
		{36C63293-4C2D-41EC-B231-FAF55845C014}.Release|Any CPU.Build.0 = Release|Any CPU
		{36C63293-4C2D-41EC-B231-FAF55845C014}.Release|Mixed Platforms.ActiveCfg = Release|Any CPU
		{36C63293-4C2D-41EC-B231-FAF55845C014}.Release|Mixed Platforms.Build.0 = Release|Any CPU
		{36C63293-4C2D-41EC-B231-FAF55845C014}.Release|Win32.ActiveCfg = Release|Any CPU
		{36C63293-4C2D-41EC-B231-FAF55845C014}.Release|Win32.Build.0 = Release|Any CPU
		{36C63293-4C2D-41EC-B231-FAF55845C014}.Release|x64.ActiveCfg = Release|Any CPU
		{36C63293-4C2D-41EC-B231-FAF55845C014}.Release|x64.Build.0 = Release|Any CPU
		{36C63293-4C2D-41EC-B231-FAF55845C014}.Relese 64|Any CPU.ActiveCfg = Relese 64|Any CPU
		{36C63293-4C2D-41EC-B231-FAF55845C014}.Relese 64|Any CPU.Build.0 = Relese 64|Any CPU
		{36C63293-4C2D-41EC-B231-FAF55845C014}.Relese 64|Mixed Platforms.ActiveCfg = Relese 64|Any CPU
		{36C63293-4C2D-41EC-B231-FAF55845C014}.Relese 64|Mixed Platforms.Build.0 = Relese 64|Any CPU
		{36C63293-4C2D-41EC-B231-FAF55845C014}.Relese 64|Win32.ActiveCfg = Relese 64|Any CPU
		{36C63293-4C2D-41EC-B231-FAF55845C014}.Relese 64|x64.ActiveCfg = Relese 64|Any CPU
		{36C63293-4C2D-41EC-B231-FAF55845C014}.Relese 64|x64.Build.0 = Relese 64|Any CPU
		{DD02DB21-14CF-4E03-BEE2-AFB2B1C49A4D}.Debug|Any CPU.ActiveCfg = Debug|Any CPU
		{DD02DB21-14CF-4E03-BEE2-AFB2B1C49A4D}.Debug|Any CPU.Build.0 = Debug|Any CPU
		{DD02DB21-14CF-4E03-BEE2-AFB2B1C49A4D}.Debug|Mixed Platforms.ActiveCfg = Debug|Any CPU
		{DD02DB21-14CF-4E03-BEE2-AFB2B1C49A4D}.Debug|Mixed Platforms.Build.0 = Debug|Any CPU
		{DD02DB21-14CF-4E03-BEE2-AFB2B1C49A4D}.Debug|Win32.ActiveCfg = Debug|Any CPU
		{DD02DB21-14CF-4E03-BEE2-AFB2B1C49A4D}.Debug|Win32.Build.0 = Debug|Any CPU
		{DD02DB21-14CF-4E03-BEE2-AFB2B1C49A4D}.Debug|x64.ActiveCfg = Debug|Any CPU
		{DD02DB21-14CF-4E03-BEE2-AFB2B1C49A4D}.Release|Any CPU.ActiveCfg = Release|Any CPU
		{DD02DB21-14CF-4E03-BEE2-AFB2B1C49A4D}.Release|Any CPU.Build.0 = Release|Any CPU
		{DD02DB21-14CF-4E03-BEE2-AFB2B1C49A4D}.Release|Mixed Platforms.ActiveCfg = Release|Any CPU
		{DD02DB21-14CF-4E03-BEE2-AFB2B1C49A4D}.Release|Mixed Platforms.Build.0 = Release|Any CPU
		{DD02DB21-14CF-4E03-BEE2-AFB2B1C49A4D}.Release|Win32.ActiveCfg = Release|Any CPU
		{DD02DB21-14CF-4E03-BEE2-AFB2B1C49A4D}.Release|Win32.Build.0 = Release|Any CPU
		{DD02DB21-14CF-4E03-BEE2-AFB2B1C49A4D}.Release|x64.ActiveCfg = Release|Any CPU
		{DD02DB21-14CF-4E03-BEE2-AFB2B1C49A4D}.Release|x64.Build.0 = Release|Any CPU
		{DD02DB21-14CF-4E03-BEE2-AFB2B1C49A4D}.Relese 64|Any CPU.ActiveCfg = Relese 64|Any CPU
		{DD02DB21-14CF-4E03-BEE2-AFB2B1C49A4D}.Relese 64|Any CPU.Build.0 = Relese 64|Any CPU
		{DD02DB21-14CF-4E03-BEE2-AFB2B1C49A4D}.Relese 64|Mixed Platforms.ActiveCfg = Relese 64|Any CPU
		{DD02DB21-14CF-4E03-BEE2-AFB2B1C49A4D}.Relese 64|Mixed Platforms.Build.0 = Relese 64|Any CPU
		{DD02DB21-14CF-4E03-BEE2-AFB2B1C49A4D}.Relese 64|Win32.ActiveCfg = Relese 64|Any CPU
		{DD02DB21-14CF-4E03-BEE2-AFB2B1C49A4D}.Relese 64|x64.ActiveCfg = Relese 64|Any CPU
		{DD02DB21-14CF-4E03-BEE2-AFB2B1C49A4D}.Relese 64|x64.Build.0 = Relese 64|Any CPU
		{7D1B0B10-82F9-413F-BEE9-0174753D93A1}.Debug|Any CPU.ActiveCfg = Debug|Any CPU
		{7D1B0B10-82F9-413F-BEE9-0174753D93A1}.Debug|Any CPU.Build.0 = Debug|Any CPU
		{7D1B0B10-82F9-413F-BEE9-0174753D93A1}.Debug|Mixed Platforms.ActiveCfg = Debug|Any CPU
		{7D1B0B10-82F9-413F-BEE9-0174753D93A1}.Debug|Mixed Platforms.Build.0 = Debug|Any CPU
		{7D1B0B10-82F9-413F-BEE9-0174753D93A1}.Debug|Win32.ActiveCfg = Debug|Any CPU
		{7D1B0B10-82F9-413F-BEE9-0174753D93A1}.Debug|Win32.Build.0 = Debug|Any CPU
		{7D1B0B10-82F9-413F-BEE9-0174753D93A1}.Debug|x64.ActiveCfg = Debug|Any CPU
		{7D1B0B10-82F9-413F-BEE9-0174753D93A1}.Release|Any CPU.ActiveCfg = Release|Any CPU
		{7D1B0B10-82F9-413F-BEE9-0174753D93A1}.Release|Any CPU.Build.0 = Release|Any CPU
		{7D1B0B10-82F9-413F-BEE9-0174753D93A1}.Release|Mixed Platforms.ActiveCfg = Release|Any CPU
		{7D1B0B10-82F9-413F-BEE9-0174753D93A1}.Release|Mixed Platforms.Build.0 = Release|Any CPU
		{7D1B0B10-82F9-413F-BEE9-0174753D93A1}.Release|Win32.ActiveCfg = Release|Any CPU
		{7D1B0B10-82F9-413F-BEE9-0174753D93A1}.Release|Win32.Build.0 = Release|Any CPU
		{7D1B0B10-82F9-413F-BEE9-0174753D93A1}.Release|x64.ActiveCfg = Release|Any CPU
		{7D1B0B10-82F9-413F-BEE9-0174753D93A1}.Release|x64.Build.0 = Release|Any CPU
		{7D1B0B10-82F9-413F-BEE9-0174753D93A1}.Relese 64|Any CPU.ActiveCfg = Relese 64|Any CPU
		{7D1B0B10-82F9-413F-BEE9-0174753D93A1}.Relese 64|Any CPU.Build.0 = Relese 64|Any CPU
		{7D1B0B10-82F9-413F-BEE9-0174753D93A1}.Relese 64|Mixed Platforms.ActiveCfg = Relese 64|Any CPU
		{7D1B0B10-82F9-413F-BEE9-0174753D93A1}.Relese 64|Mixed Platforms.Build.0 = Relese 64|Any CPU
		{7D1B0B10-82F9-413F-BEE9-0174753D93A1}.Relese 64|Win32.ActiveCfg = Relese 64|Any CPU
		{7D1B0B10-82F9-413F-BEE9-0174753D93A1}.Relese 64|x64.ActiveCfg = Relese 64|Any CPU
		{7D1B0B10-82F9-413F-BEE9-0174753D93A1}.Relese 64|x64.Build.0 = Relese 64|Any CPU
		{5BE68B3D-1112-464D-8C17-844E834BB3BA}.Debug|Any CPU.ActiveCfg = Debug|Any CPU
		{5BE68B3D-1112-464D-8C17-844E834BB3BA}.Debug|Any CPU.Build.0 = Debug|Any CPU
		{5BE68B3D-1112-464D-8C17-844E834BB3BA}.Debug|Mixed Platforms.ActiveCfg = Debug|Any CPU
		{5BE68B3D-1112-464D-8C17-844E834BB3BA}.Debug|Mixed Platforms.Build.0 = Debug|Any CPU
		{5BE68B3D-1112-464D-8C17-844E834BB3BA}.Debug|Win32.ActiveCfg = Debug|Any CPU
		{5BE68B3D-1112-464D-8C17-844E834BB3BA}.Debug|Win32.Build.0 = Debug|Any CPU
		{5BE68B3D-1112-464D-8C17-844E834BB3BA}.Debug|x64.ActiveCfg = Debug|Any CPU
		{5BE68B3D-1112-464D-8C17-844E834BB3BA}.Release|Any CPU.ActiveCfg = Release|Any CPU
		{5BE68B3D-1112-464D-8C17-844E834BB3BA}.Release|Any CPU.Build.0 = Release|Any CPU
		{5BE68B3D-1112-464D-8C17-844E834BB3BA}.Release|Mixed Platforms.ActiveCfg = Release|Any CPU
		{5BE68B3D-1112-464D-8C17-844E834BB3BA}.Release|Mixed Platforms.Build.0 = Release|Any CPU
		{5BE68B3D-1112-464D-8C17-844E834BB3BA}.Release|Win32.ActiveCfg = Release|Any CPU
		{5BE68B3D-1112-464D-8C17-844E834BB3BA}.Release|Win32.Build.0 = Release|Any CPU
		{5BE68B3D-1112-464D-8C17-844E834BB3BA}.Release|x64.ActiveCfg = Release|Any CPU
		{5BE68B3D-1112-464D-8C17-844E834BB3BA}.Release|x64.Build.0 = Release|Any CPU
		{5BE68B3D-1112-464D-8C17-844E834BB3BA}.Relese 64|Any CPU.ActiveCfg = Relese 64|Any CPU
		{5BE68B3D-1112-464D-8C17-844E834BB3BA}.Relese 64|Any CPU.Build.0 = Relese 64|Any CPU
		{5BE68B3D-1112-464D-8C17-844E834BB3BA}.Relese 64|Mixed Platforms.ActiveCfg = Relese 64|Any CPU
		{5BE68B3D-1112-464D-8C17-844E834BB3BA}.Relese 64|Mixed Platforms.Build.0 = Relese 64|Any CPU
		{5BE68B3D-1112-464D-8C17-844E834BB3BA}.Relese 64|Win32.ActiveCfg = Relese 64|Any CPU
		{5BE68B3D-1112-464D-8C17-844E834BB3BA}.Relese 64|x64.ActiveCfg = Relese 64|Any CPU
		{5BE68B3D-1112-464D-8C17-844E834BB3BA}.Relese 64|x64.Build.0 = Relese 64|Any CPU
		{19B1D7B1-C46F-4A87-A674-3350BF372A74}.Debug|Any CPU.ActiveCfg = Debug|Any CPU
		{19B1D7B1-C46F-4A87-A674-3350BF372A74}.Debug|Any CPU.Build.0 = Debug|Any CPU
		{19B1D7B1-C46F-4A87-A674-3350BF372A74}.Debug|Mixed Platforms.ActiveCfg = Debug|Any CPU
		{19B1D7B1-C46F-4A87-A674-3350BF372A74}.Debug|Mixed Platforms.Build.0 = Debug|Any CPU
		{19B1D7B1-C46F-4A87-A674-3350BF372A74}.Debug|Win32.ActiveCfg = Debug|Any CPU
		{19B1D7B1-C46F-4A87-A674-3350BF372A74}.Debug|Win32.Build.0 = Debug|Any CPU
		{19B1D7B1-C46F-4A87-A674-3350BF372A74}.Debug|x64.ActiveCfg = Debug|Any CPU
		{19B1D7B1-C46F-4A87-A674-3350BF372A74}.Release|Any CPU.ActiveCfg = Release|Any CPU
		{19B1D7B1-C46F-4A87-A674-3350BF372A74}.Release|Any CPU.Build.0 = Release|Any CPU
		{19B1D7B1-C46F-4A87-A674-3350BF372A74}.Release|Mixed Platforms.ActiveCfg = Release|Any CPU
		{19B1D7B1-C46F-4A87-A674-3350BF372A74}.Release|Mixed Platforms.Build.0 = Release|Any CPU
		{19B1D7B1-C46F-4A87-A674-3350BF372A74}.Release|Win32.ActiveCfg = Release|Any CPU
		{19B1D7B1-C46F-4A87-A674-3350BF372A74}.Release|Win32.Build.0 = Release|Any CPU
		{19B1D7B1-C46F-4A87-A674-3350BF372A74}.Release|x64.ActiveCfg = Release|Any CPU
		{19B1D7B1-C46F-4A87-A674-3350BF372A74}.Release|x64.Build.0 = Release|Any CPU
		{19B1D7B1-C46F-4A87-A674-3350BF372A74}.Relese 64|Any CPU.ActiveCfg = Relese 64|Any CPU
		{19B1D7B1-C46F-4A87-A674-3350BF372A74}.Relese 64|Any CPU.Build.0 = Relese 64|Any CPU
		{19B1D7B1-C46F-4A87-A674-3350BF372A74}.Relese 64|Mixed Platforms.ActiveCfg = Relese 64|Any CPU
		{19B1D7B1-C46F-4A87-A674-3350BF372A74}.Relese 64|Mixed Platforms.Build.0 = Relese 64|Any CPU
		{19B1D7B1-C46F-4A87-A674-3350BF372A74}.Relese 64|Win32.ActiveCfg = Relese 64|Any CPU
		{19B1D7B1-C46F-4A87-A674-3350BF372A74}.Relese 64|x64.ActiveCfg = Relese 64|Any CPU
		{19B1D7B1-C46F-4A87-A674-3350BF372A74}.Relese 64|x64.Build.0 = Relese 64|Any CPU
		{A536B02A-B0B1-4753-8328-17369EF09976}.Debug|Any CPU.ActiveCfg = Debug|Any CPU
		{A536B02A-B0B1-4753-8328-17369EF09976}.Debug|Any CPU.Build.0 = Debug|Any CPU
		{A536B02A-B0B1-4753-8328-17369EF09976}.Debug|Mixed Platforms.ActiveCfg = Debug|Any CPU
		{A536B02A-B0B1-4753-8328-17369EF09976}.Debug|Mixed Platforms.Build.0 = Debug|Any CPU
		{A536B02A-B0B1-4753-8328-17369EF09976}.Debug|Win32.ActiveCfg = Debug|Any CPU
		{A536B02A-B0B1-4753-8328-17369EF09976}.Debug|Win32.Build.0 = Debug|Any CPU
		{A536B02A-B0B1-4753-8328-17369EF09976}.Debug|x64.ActiveCfg = Debug|Any CPU
		{A536B02A-B0B1-4753-8328-17369EF09976}.Release|Any CPU.ActiveCfg = Release|Any CPU
		{A536B02A-B0B1-4753-8328-17369EF09976}.Release|Any CPU.Build.0 = Release|Any CPU
		{A536B02A-B0B1-4753-8328-17369EF09976}.Release|Mixed Platforms.ActiveCfg = Release|Any CPU
		{A536B02A-B0B1-4753-8328-17369EF09976}.Release|Mixed Platforms.Build.0 = Release|Any CPU
		{A536B02A-B0B1-4753-8328-17369EF09976}.Release|Win32.ActiveCfg = Release|Any CPU
		{A536B02A-B0B1-4753-8328-17369EF09976}.Release|Win32.Build.0 = Release|Any CPU
		{A536B02A-B0B1-4753-8328-17369EF09976}.Release|x64.ActiveCfg = Release|Any CPU
		{A536B02A-B0B1-4753-8328-17369EF09976}.Release|x64.Build.0 = Release|Any CPU
		{A536B02A-B0B1-4753-8328-17369EF09976}.Relese 64|Any CPU.ActiveCfg = Relese 64|Any CPU
		{A536B02A-B0B1-4753-8328-17369EF09976}.Relese 64|Any CPU.Build.0 = Relese 64|Any CPU
		{A536B02A-B0B1-4753-8328-17369EF09976}.Relese 64|Mixed Platforms.ActiveCfg = Relese 64|Any CPU
		{A536B02A-B0B1-4753-8328-17369EF09976}.Relese 64|Mixed Platforms.Build.0 = Relese 64|Any CPU
		{A536B02A-B0B1-4753-8328-17369EF09976}.Relese 64|Win32.ActiveCfg = Relese 64|Any CPU
		{A536B02A-B0B1-4753-8328-17369EF09976}.Relese 64|x64.ActiveCfg = Relese 64|Any CPU
		{A536B02A-B0B1-4753-8328-17369EF09976}.Relese 64|x64.Build.0 = Relese 64|Any CPU
		{E1436AF5-7D76-4257-A692-80202EBE7EB0}.Debug|Any CPU.ActiveCfg = Debug|Any CPU
		{E1436AF5-7D76-4257-A692-80202EBE7EB0}.Debug|Any CPU.Build.0 = Debug|Any CPU
		{E1436AF5-7D76-4257-A692-80202EBE7EB0}.Debug|Mixed Platforms.ActiveCfg = Debug|Any CPU
		{E1436AF5-7D76-4257-A692-80202EBE7EB0}.Debug|Mixed Platforms.Build.0 = Debug|Any CPU
		{E1436AF5-7D76-4257-A692-80202EBE7EB0}.Debug|Win32.ActiveCfg = Debug|Any CPU
		{E1436AF5-7D76-4257-A692-80202EBE7EB0}.Debug|x64.ActiveCfg = Debug|Any CPU
		{E1436AF5-7D76-4257-A692-80202EBE7EB0}.Release|Any CPU.ActiveCfg = Release|Any CPU
		{E1436AF5-7D76-4257-A692-80202EBE7EB0}.Release|Any CPU.Build.0 = Release|Any CPU
		{E1436AF5-7D76-4257-A692-80202EBE7EB0}.Release|Mixed Platforms.ActiveCfg = Release|Any CPU
		{E1436AF5-7D76-4257-A692-80202EBE7EB0}.Release|Mixed Platforms.Build.0 = Release|Any CPU
		{E1436AF5-7D76-4257-A692-80202EBE7EB0}.Release|Win32.ActiveCfg = Release|Any CPU
		{E1436AF5-7D76-4257-A692-80202EBE7EB0}.Release|x64.ActiveCfg = Release|Any CPU
		{E1436AF5-7D76-4257-A692-80202EBE7EB0}.Release|x64.Build.0 = Release|Any CPU
		{E1436AF5-7D76-4257-A692-80202EBE7EB0}.Relese 64|Any CPU.ActiveCfg = Relese 64|Any CPU
		{E1436AF5-7D76-4257-A692-80202EBE7EB0}.Relese 64|Any CPU.Build.0 = Relese 64|Any CPU
		{E1436AF5-7D76-4257-A692-80202EBE7EB0}.Relese 64|Mixed Platforms.ActiveCfg = Relese 64|Any CPU
		{E1436AF5-7D76-4257-A692-80202EBE7EB0}.Relese 64|Mixed Platforms.Build.0 = Relese 64|Any CPU
		{E1436AF5-7D76-4257-A692-80202EBE7EB0}.Relese 64|Win32.ActiveCfg = Relese 64|Any CPU
		{E1436AF5-7D76-4257-A692-80202EBE7EB0}.Relese 64|x64.ActiveCfg = Relese 64|Any CPU
		{66843F57-F51D-40B3-88A7-58939815199F}.Debug|Any CPU.ActiveCfg = Debug|Any CPU
		{66843F57-F51D-40B3-88A7-58939815199F}.Debug|Any CPU.Build.0 = Debug|Any CPU
		{66843F57-F51D-40B3-88A7-58939815199F}.Debug|Mixed Platforms.ActiveCfg = Debug|Any CPU
		{66843F57-F51D-40B3-88A7-58939815199F}.Debug|Mixed Platforms.Build.0 = Debug|Any CPU
		{66843F57-F51D-40B3-88A7-58939815199F}.Debug|Win32.ActiveCfg = Debug|Any CPU
		{66843F57-F51D-40B3-88A7-58939815199F}.Debug|Win32.Build.0 = Debug|Any CPU
		{66843F57-F51D-40B3-88A7-58939815199F}.Debug|x64.ActiveCfg = Debug|Any CPU
		{66843F57-F51D-40B3-88A7-58939815199F}.Release|Any CPU.ActiveCfg = Release|Any CPU
		{66843F57-F51D-40B3-88A7-58939815199F}.Release|Any CPU.Build.0 = Release|Any CPU
		{66843F57-F51D-40B3-88A7-58939815199F}.Release|Mixed Platforms.ActiveCfg = Release|Any CPU
		{66843F57-F51D-40B3-88A7-58939815199F}.Release|Mixed Platforms.Build.0 = Release|Any CPU
		{66843F57-F51D-40B3-88A7-58939815199F}.Release|Win32.ActiveCfg = Release|Any CPU
		{66843F57-F51D-40B3-88A7-58939815199F}.Release|Win32.Build.0 = Release|Any CPU
		{66843F57-F51D-40B3-88A7-58939815199F}.Release|x64.ActiveCfg = Release|Any CPU
		{66843F57-F51D-40B3-88A7-58939815199F}.Release|x64.Build.0 = Release|Any CPU
		{66843F57-F51D-40B3-88A7-58939815199F}.Relese 64|Any CPU.ActiveCfg = Relese 64|Any CPU
		{66843F57-F51D-40B3-88A7-58939815199F}.Relese 64|Any CPU.Build.0 = Relese 64|Any CPU
		{66843F57-F51D-40B3-88A7-58939815199F}.Relese 64|Mixed Platforms.ActiveCfg = Relese 64|Any CPU
		{66843F57-F51D-40B3-88A7-58939815199F}.Relese 64|Mixed Platforms.Build.0 = Relese 64|Any CPU
		{66843F57-F51D-40B3-88A7-58939815199F}.Relese 64|Win32.ActiveCfg = Relese 64|Any CPU
		{66843F57-F51D-40B3-88A7-58939815199F}.Relese 64|x64.ActiveCfg = Relese 64|Any CPU
		{66843F57-F51D-40B3-88A7-58939815199F}.Relese 64|x64.Build.0 = Relese 64|Any CPU
		{076164A3-5353-490F-9635-A83E95BBFD94}.Debug|Any CPU.ActiveCfg = Debug|Any CPU
		{076164A3-5353-490F-9635-A83E95BBFD94}.Debug|Any CPU.Build.0 = Debug|Any CPU
		{076164A3-5353-490F-9635-A83E95BBFD94}.Debug|Mixed Platforms.ActiveCfg = Debug|Any CPU
		{076164A3-5353-490F-9635-A83E95BBFD94}.Debug|Mixed Platforms.Build.0 = Debug|Any CPU
		{076164A3-5353-490F-9635-A83E95BBFD94}.Debug|Win32.ActiveCfg = Debug|Any CPU
		{076164A3-5353-490F-9635-A83E95BBFD94}.Debug|Win32.Build.0 = Debug|Any CPU
		{076164A3-5353-490F-9635-A83E95BBFD94}.Debug|x64.ActiveCfg = Debug|Any CPU
		{076164A3-5353-490F-9635-A83E95BBFD94}.Release|Any CPU.ActiveCfg = Release|Any CPU
		{076164A3-5353-490F-9635-A83E95BBFD94}.Release|Any CPU.Build.0 = Release|Any CPU
		{076164A3-5353-490F-9635-A83E95BBFD94}.Release|Mixed Platforms.ActiveCfg = Release|Any CPU
		{076164A3-5353-490F-9635-A83E95BBFD94}.Release|Mixed Platforms.Build.0 = Release|Any CPU
		{076164A3-5353-490F-9635-A83E95BBFD94}.Release|Win32.ActiveCfg = Release|Any CPU
		{076164A3-5353-490F-9635-A83E95BBFD94}.Release|Win32.Build.0 = Release|Any CPU
		{076164A3-5353-490F-9635-A83E95BBFD94}.Release|x64.ActiveCfg = Release|Any CPU
		{076164A3-5353-490F-9635-A83E95BBFD94}.Release|x64.Build.0 = Release|Any CPU
		{076164A3-5353-490F-9635-A83E95BBFD94}.Relese 64|Any CPU.ActiveCfg = Relese 64|Any CPU
		{076164A3-5353-490F-9635-A83E95BBFD94}.Relese 64|Any CPU.Build.0 = Relese 64|Any CPU
		{076164A3-5353-490F-9635-A83E95BBFD94}.Relese 64|Mixed Platforms.ActiveCfg = Relese 64|Any CPU
		{076164A3-5353-490F-9635-A83E95BBFD94}.Relese 64|Mixed Platforms.Build.0 = Relese 64|Any CPU
		{076164A3-5353-490F-9635-A83E95BBFD94}.Relese 64|Win32.ActiveCfg = Relese 64|Any CPU
		{076164A3-5353-490F-9635-A83E95BBFD94}.Relese 64|x64.ActiveCfg = Relese 64|Any CPU
		{076164A3-5353-490F-9635-A83E95BBFD94}.Relese 64|x64.Build.0 = Relese 64|Any CPU
		{C1223EE6-C9E8-4ED3-91C5-0C6A7C932100}.Debug|Any CPU.ActiveCfg = Debug|Win32
		{C1223EE6-C9E8-4ED3-91C5-0C6A7C932100}.Debug|Any CPU.Build.0 = Debug|Win32
		{C1223EE6-C9E8-4ED3-91C5-0C6A7C932100}.Debug|Mixed Platforms.ActiveCfg = Debug|Win32
		{C1223EE6-C9E8-4ED3-91C5-0C6A7C932100}.Debug|Mixed Platforms.Build.0 = Debug|Win32
		{C1223EE6-C9E8-4ED3-91C5-0C6A7C932100}.Debug|Win32.ActiveCfg = Debug|Win32
		{C1223EE6-C9E8-4ED3-91C5-0C6A7C932100}.Debug|Win32.Build.0 = Debug|Win32
		{C1223EE6-C9E8-4ED3-91C5-0C6A7C932100}.Debug|x64.ActiveCfg = Debug|x64
		{C1223EE6-C9E8-4ED3-91C5-0C6A7C932100}.Debug|x64.Build.0 = Debug|x64
		{C1223EE6-C9E8-4ED3-91C5-0C6A7C932100}.Release|Any CPU.ActiveCfg = Release|Win32
		{C1223EE6-C9E8-4ED3-91C5-0C6A7C932100}.Release|Any CPU.Build.0 = Release|Win32
		{C1223EE6-C9E8-4ED3-91C5-0C6A7C932100}.Release|Mixed Platforms.ActiveCfg = Release|Win32
		{C1223EE6-C9E8-4ED3-91C5-0C6A7C932100}.Release|Mixed Platforms.Build.0 = Release|Win32
		{C1223EE6-C9E8-4ED3-91C5-0C6A7C932100}.Release|Win32.ActiveCfg = Release|Win32
		{C1223EE6-C9E8-4ED3-91C5-0C6A7C932100}.Release|Win32.Build.0 = Release|Win32
		{C1223EE6-C9E8-4ED3-91C5-0C6A7C932100}.Release|x64.ActiveCfg = Release|x64
		{C1223EE6-C9E8-4ED3-91C5-0C6A7C932100}.Release|x64.Build.0 = Release|x64
		{C1223EE6-C9E8-4ED3-91C5-0C6A7C932100}.Relese 64|Any CPU.ActiveCfg = Relese 64|x64
		{C1223EE6-C9E8-4ED3-91C5-0C6A7C932100}.Relese 64|Any CPU.Build.0 = Relese 64|x64
		{C1223EE6-C9E8-4ED3-91C5-0C6A7C932100}.Relese 64|Mixed Platforms.ActiveCfg = Relese 64|Win32
		{C1223EE6-C9E8-4ED3-91C5-0C6A7C932100}.Relese 64|Mixed Platforms.Build.0 = Relese 64|Win32
		{C1223EE6-C9E8-4ED3-91C5-0C6A7C932100}.Relese 64|Win32.ActiveCfg = Relese 64|Win32
		{C1223EE6-C9E8-4ED3-91C5-0C6A7C932100}.Relese 64|Win32.Build.0 = Relese 64|Win32
		{C1223EE6-C9E8-4ED3-91C5-0C6A7C932100}.Relese 64|x64.ActiveCfg = Relese 64|x64
		{C1223EE6-C9E8-4ED3-91C5-0C6A7C932100}.Relese 64|x64.Build.0 = Relese 64|x64
		{F3177EFD-FE63-448C-A62E-58FCC1C4FC63}.Debug|Any CPU.ActiveCfg = Debug|Any CPU
		{F3177EFD-FE63-448C-A62E-58FCC1C4FC63}.Debug|Any CPU.Build.0 = Debug|Any CPU
		{F3177EFD-FE63-448C-A62E-58FCC1C4FC63}.Debug|Mixed Platforms.ActiveCfg = Debug|Any CPU
		{F3177EFD-FE63-448C-A62E-58FCC1C4FC63}.Debug|Mixed Platforms.Build.0 = Debug|Any CPU
		{F3177EFD-FE63-448C-A62E-58FCC1C4FC63}.Debug|Win32.ActiveCfg = Debug|Any CPU
		{F3177EFD-FE63-448C-A62E-58FCC1C4FC63}.Debug|Win32.Build.0 = Debug|Any CPU
		{F3177EFD-FE63-448C-A62E-58FCC1C4FC63}.Debug|x64.ActiveCfg = Debug|Any CPU
		{F3177EFD-FE63-448C-A62E-58FCC1C4FC63}.Release|Any CPU.ActiveCfg = Release|Any CPU
		{F3177EFD-FE63-448C-A62E-58FCC1C4FC63}.Release|Any CPU.Build.0 = Release|Any CPU
		{F3177EFD-FE63-448C-A62E-58FCC1C4FC63}.Release|Mixed Platforms.ActiveCfg = Release|Any CPU
		{F3177EFD-FE63-448C-A62E-58FCC1C4FC63}.Release|Mixed Platforms.Build.0 = Release|Any CPU
		{F3177EFD-FE63-448C-A62E-58FCC1C4FC63}.Release|Win32.ActiveCfg = Release|Any CPU
		{F3177EFD-FE63-448C-A62E-58FCC1C4FC63}.Release|Win32.Build.0 = Release|Any CPU
		{F3177EFD-FE63-448C-A62E-58FCC1C4FC63}.Release|x64.ActiveCfg = Release|Any CPU
		{F3177EFD-FE63-448C-A62E-58FCC1C4FC63}.Release|x64.Build.0 = Release|Any CPU
		{F3177EFD-FE63-448C-A62E-58FCC1C4FC63}.Relese 64|Any CPU.ActiveCfg = Relese 64|Any CPU
		{F3177EFD-FE63-448C-A62E-58FCC1C4FC63}.Relese 64|Any CPU.Build.0 = Relese 64|Any CPU
		{F3177EFD-FE63-448C-A62E-58FCC1C4FC63}.Relese 64|Mixed Platforms.ActiveCfg = Relese 64|Any CPU
		{F3177EFD-FE63-448C-A62E-58FCC1C4FC63}.Relese 64|Mixed Platforms.Build.0 = Relese 64|Any CPU
		{F3177EFD-FE63-448C-A62E-58FCC1C4FC63}.Relese 64|Win32.ActiveCfg = Relese 64|Any CPU
		{F3177EFD-FE63-448C-A62E-58FCC1C4FC63}.Relese 64|x64.ActiveCfg = Relese 64|Any CPU
		{F3177EFD-FE63-448C-A62E-58FCC1C4FC63}.Relese 64|x64.Build.0 = Relese 64|Any CPU
		{C85D5196-BAD7-4C0C-A7C5-78A42AA85909}.Debug|Any CPU.ActiveCfg = Debug|Win32
		{C85D5196-BAD7-4C0C-A7C5-78A42AA85909}.Debug|Mixed Platforms.ActiveCfg = Debug|Win32
		{C85D5196-BAD7-4C0C-A7C5-78A42AA85909}.Debug|Mixed Platforms.Build.0 = Debug|Win32
		{C85D5196-BAD7-4C0C-A7C5-78A42AA85909}.Debug|Win32.ActiveCfg = Debug|Win32
		{C85D5196-BAD7-4C0C-A7C5-78A42AA85909}.Debug|Win32.Build.0 = Debug|Win32
		{C85D5196-BAD7-4C0C-A7C5-78A42AA85909}.Debug|x64.ActiveCfg = Debug|Win32
		{C85D5196-BAD7-4C0C-A7C5-78A42AA85909}.Release|Any CPU.ActiveCfg = Release|Win32
		{C85D5196-BAD7-4C0C-A7C5-78A42AA85909}.Release|Any CPU.Build.0 = Release|Win32
		{C85D5196-BAD7-4C0C-A7C5-78A42AA85909}.Release|Mixed Platforms.ActiveCfg = Release|Win32
		{C85D5196-BAD7-4C0C-A7C5-78A42AA85909}.Release|Mixed Platforms.Build.0 = Release|Win32
		{C85D5196-BAD7-4C0C-A7C5-78A42AA85909}.Release|Win32.ActiveCfg = Release|Win32
		{C85D5196-BAD7-4C0C-A7C5-78A42AA85909}.Release|Win32.Build.0 = Release|Win32
		{C85D5196-BAD7-4C0C-A7C5-78A42AA85909}.Release|x64.ActiveCfg = Release|Win32
		{C85D5196-BAD7-4C0C-A7C5-78A42AA85909}.Relese 64|Any CPU.ActiveCfg = Release|x64
		{C85D5196-BAD7-4C0C-A7C5-78A42AA85909}.Relese 64|Any CPU.Build.0 = Release|x64
		{C85D5196-BAD7-4C0C-A7C5-78A42AA85909}.Relese 64|Mixed Platforms.ActiveCfg = Release|Win32
		{C85D5196-BAD7-4C0C-A7C5-78A42AA85909}.Relese 64|Mixed Platforms.Build.0 = Release|Win32
		{C85D5196-BAD7-4C0C-A7C5-78A42AA85909}.Relese 64|Win32.ActiveCfg = Release|Win32
		{C85D5196-BAD7-4C0C-A7C5-78A42AA85909}.Relese 64|Win32.Build.0 = Release|Win32
		{C85D5196-BAD7-4C0C-A7C5-78A42AA85909}.Relese 64|x64.ActiveCfg = Release|Win32
	EndGlobalSection
	GlobalSection(SolutionProperties) = preSolution
		HideSolutionNode = FALSE
	EndGlobalSection
	GlobalSection(MonoDevelopProperties) = preSolution
		StartupItem = AR.Drone.WinApp\AR.Drone.WinApp.csproj
	EndGlobalSection
EndGlobal
